
Microsoft Visual Studio Solution File, Format Version 12.00
# Visual Studio Version 17
VisualStudioVersion = 17.10.35027.167
MinimumVisualStudioVersion = 10.0.40219.1
Project("{FAE04EC0-301F-11D3-BF4B-00C04F79EFBC}") = "Practica2AG420250325.AppMVCCore", "Practica2AG420250325.AppMVCCore\Practica2AG420250325.AppMVCCore.csproj", "{3BFD4320-1914-4B67-86E4-D83D4CCB8F36}"
EndProject
Global
	GlobalSection(SolutionConfigurationPlatforms) = preSolution
		Debug|Any CPU = Debug|Any CPU
		Release|Any CPU = Release|Any CPU
	EndGlobalSection
	GlobalSection(ProjectConfigurationPlatforms) = postSolution
		{3BFD4320-1914-4B67-86E4-D83D4CCB8F36}.Debug|Any CPU.ActiveCfg = Debug|Any CPU
		{3BFD4320-1914-4B67-86E4-D83D4CCB8F36}.Debug|Any CPU.Build.0 = Debug|Any CPU
		{3BFD4320-1914-4B67-86E4-D83D4CCB8F36}.Release|Any CPU.ActiveCfg = Release|Any CPU
		{3BFD4320-1914-4B67-86E4-D83D4CCB8F36}.Release|Any CPU.Build.0 = Release|Any CPU
	EndGlobalSection
	GlobalSection(SolutionProperties) = preSolution
		HideSolutionNode = FALSE
	EndGlobalSection
	GlobalSection(ExtensibilityGlobals) = postSolution
		SolutionGuid = {7F9801DC-EADD-4387-B1B6-ED3819BB2A47}
	EndGlobalSection
EndGlobal
